
Microsoft Visual Studio Solution File, Format Version 12.00
# Visual Studio Version 17
VisualStudioVersion = 17.13.35818.85 d17.13
MinimumVisualStudioVersion = 10.0.40219.1
Project("{FAE04EC0-301F-11D3-BF4B-00C04F79EFBC}") = "tpmodul4_103022300148", "tpmodul4_103022300148\tpmodul4_103022300148.csproj", "{88DF1515-CDF0-4325-A27A-E1012B15B0E7}"
EndProject
Global
	GlobalSection(SolutionConfigurationPlatforms) = preSolution
		Debug|Any CPU = Debug|Any CPU
		Release|Any CPU = Release|Any CPU
	EndGlobalSection
	GlobalSection(ProjectConfigurationPlatforms) = postSolution
		{88DF1515-CDF0-4325-A27A-E1012B15B0E7}.Debug|Any CPU.ActiveCfg = Debug|Any CPU
		{88DF1515-CDF0-4325-A27A-E1012B15B0E7}.Debug|Any CPU.Build.0 = Debug|Any CPU
		{88DF1515-CDF0-4325-A27A-E1012B15B0E7}.Release|Any CPU.ActiveCfg = Release|Any CPU
		{88DF1515-CDF0-4325-A27A-E1012B15B0E7}.Release|Any CPU.Build.0 = Release|Any CPU
	EndGlobalSection
	GlobalSection(SolutionProperties) = preSolution
		HideSolutionNode = FALSE
	EndGlobalSection
	GlobalSection(ExtensibilityGlobals) = postSolution
		SolutionGuid = {5508CB00-B22F-408F-AB66-32CB5C4596EC}
	EndGlobalSection
EndGlobal
